PODS:
  - BaseFoundation/Core (0.6.3)
  - CTBaseUIWidget (0.2.3):
    - BaseFoundation/Core
    - CTBaseUIWidget/CTToast (= 0.2.3)
    - CTBaseUIWidget/InviteFiled (= 0.2.3)
  - CTBaseUIWidget/CTToast (0.2.3):
    - BaseFoundation/Core
    - Toast-Swift
  - CTBaseUIWidget/InviteFiled (0.2.3):
    - BaseFoundation/Core
  - Toast-Swift (5.0.1)

DEPENDENCIES:
  - CTBaseUIWidget (from `../`)

SPEC REPOS:
  https://github.com/CocoaPods/Specs.git:
    - Toast-Swift
  https://github.com/ours-curiosity/CTSpecs:
    - BaseFoundation

EXTERNAL SOURCES:
  CTBaseUIWidget:
    :path: "../"

SPEC CHECKSUMS:
  BaseFoundation: f15ce540297dad34cb5e95481a5720a7094544de
  CTBaseUIWidget: b554798cff572fe3f5447ea67d3f36d993bb5368
  Toast-Swift: 9b6a70f28b3bf0b96c40d46c0c4b9d6639846711

PODFILE CHECKSUM: ecf50ff12df91dd8562a5104a49316170dcfe9a6

COCOAPODS: 1.10.0
